// !$*UTF8*$!
{
	archiveVersion = 1;
	classes = {
	};
	objectVersion = 48;
	objects = {

/* Begin PBXBuildFile section */
		1711585320E32FE700013C31 /* AppDelegate.swift in Sources */ = {isa = PBXBuildFile; fileRef = 1711585220E32FE700013C31 /* AppDelegate.swift */; };
		1711585520E32FE700013C31 /* ViewController.swift in Sources */ = {isa = PBXBuildFile; fileRef = 1711585420E32FE700013C31 /* ViewController.swift */; };
		1711585820E32FE700013C31 /* Main.storyboard in Resources */ = {isa = PBXBuildFile; fileRef = 1711585620E32FE700013C31 /* Main.storyboard */; };
		1711585B20E32FE700013C31 /* Myself.xcdatamodeld in Sources */ = {isa = PBXBuildFile; fileRef = 1711585920E32FE700013C31 /* Myself.xcdatamodeld */; };
		1711585D20E32FE700013C31 /* Assets.xcassets in Resources */ = {isa = PBXBuildFile; fileRef = 1711585C20E32FE700013C31 /* Assets.xcassets */; };
		1711586020E32FE700013C31 /* LaunchScreen.storyboard in Resources */ = {isa = PBXBuildFile; fileRef = 1711585E20E32FE700013C31 /* LaunchScreen.storyboard */; };
		1711586820E3349800013C31 /* pch.swift in Sources */ = {isa = PBXBuildFile; fileRef = 1711586720E3349800013C31 /* pch.swift */; };
		1711586A20E337A300013C31 /* BaseNavController.swift in Sources */ = {isa = PBXBuildFile; fileRef = 1711586920E337A300013C31 /* BaseNavController.swift */; };
		1711586C20E3400400013C31 /* GuideController.swift in Sources */ = {isa = PBXBuildFile; fileRef = 1711586B20E3400400013C31 /* GuideController.swift */; };
		1711587B20E36CD100013C31 /* FMDatabaseQueue.m in Sources */ = {isa = PBXBuildFile; fileRef = 1711587020E36CD100013C31 /* FMDatabaseQueue.m */; };
		1711587C20E36CD100013C31 /* FMDatabaseAdditions.m in Sources */ = {isa = PBXBuildFile; fileRef = 1711587320E36CD100013C31 /* FMDatabaseAdditions.m */; };
		1711587D20E36CD100013C31 /* FMDatabase.m in Sources */ = {isa = PBXBuildFile; fileRef = 1711587420E36CD100013C31 /* FMDatabase.m */; };
		1711587E20E36CD100013C31 /* FMDatabasePool.m in Sources */ = {isa = PBXBuildFile; fileRef = 1711587820E36CD100013C31 /* FMDatabasePool.m */; };
		1711587F20E36CD100013C31 /* FMResultSet.m in Sources */ = {isa = PBXBuildFile; fileRef = 1711587920E36CD100013C31 /* FMResultSet.m */; };
		1711588020E36CD100013C31 /* Info.plist in Resources */ = {isa = PBXBuildFile; fileRef = 1711587A20E36CD100013C31 /* Info.plist */; };
		1711588320E36D0300013C31 /* MainController.swift in Sources */ = {isa = PBXBuildFile; fileRef = 1711588220E36D0300013C31 /* MainController.swift */; };
		1711588620E36DB600013C31 /* SQLiteManager.swift in Sources */ = {isa = PBXBuildFile; fileRef = 1711588520E36DB600013C31 /* SQLiteManager.swift */; };
		1711588920E3796700013C31 /* ZoneListCell.swift in Sources */ = {isa = PBXBuildFile; fileRef = 1711588720E3796700013C31 /* ZoneListCell.swift */; };
		1711588A20E3796700013C31 /* ZoneListCell.xib in Resources */ = {isa = PBXBuildFile; fileRef = 1711588820E3796700013C31 /* ZoneListCell.xib */; };
		1711588D20E39AA400013C31 /* SendController.swift in Sources */ = {isa = PBXBuildFile; fileRef = 1711588C20E39AA400013C31 /* SendController.swift */; };
		1711589020E3DF4100013C31 /* SendCell.swift in Sources */ = {isa = PBXBuildFile; fileRef = 1711588E20E3DF4100013C31 /* SendCell.swift */; };
		1711589120E3DF4100013C31 /* SendCell.xib in Resources */ = {isa = PBXBuildFile; fileRef = 1711588F20E3DF4100013C31 /* SendCell.xib */; };
		1711589320E3E7A600013C31 /* SendBottomView.swift in Sources */ = {isa = PBXBuildFile; fileRef = 1711589220E3E7A600013C31 /* SendBottomView.swift */; };
		1711589520E3E7AD00013C31 /* SendBottomView.xib in Resources */ = {isa = PBXBuildFile; fileRef = 1711589420E3E7AD00013C31 /* SendBottomView.xib */; };
/* End PBXBuildFile section */

/* Begin PBXFileReference section */
		1711584F20E32FE700013C31 /* Myself.app */ = {isa = PBXFileReference; explicitFileType = wrapper.application; includeInIndex = 0; path = Myself.app; sourceTree = BUILT_PRODUCTS_DIR; };
		1711585220E32FE700013C31 /* AppDelegate.swift */ = {isa = PBXFileReference; lastKnownFileType = sourcecode.swift; path = AppDelegate.swift; sourceTree = "<group>"; };
		1711585420E32FE700013C31 /* ViewController.swift */ = {isa = PBXFileReference; lastKnownFileType = sourcecode.swift; path = ViewController.swift; sourceTree = "<group>"; };
		1711585720E32FE700013C31 /* Base */ = {isa = PBXFileReference; lastKnownFileType = file.storyboard; name = Base; path = Base.lproj/Main.storyboard; sourceTree = "<group>"; };
		1711585A20E32FE700013C31 /* Myself.xcdatamodel */ = {isa = PBXFileReference; lastKnownFileType = wrapper.xcdatamodel; path = Myself.xcdatamodel; sourceTree = "<group>"; };
		1711585C20E32FE700013C31 /* Assets.xcassets */ = {isa = PBXFileReference; lastKnownFileType = folder.assetcatalog; path = Assets.xcassets; sourceTree = "<group>"; };
		1711585F20E32FE700013C31 /* Base */ = {isa = PBXFileReference; lastKnownFileType = file.storyboard; name = Base; path = Base.lproj/LaunchScreen.storyboard; sourceTree = "<group>"; };
		1711586120E32FE800013C31 /* Info.plist */ = {isa = PBXFileReference; lastKnownFileType = text.plist.xml; path = Info.plist; sourceTree = "<group>"; };
		1711586720E3349800013C31 /* pch.swift */ = {isa = PBXFileReference; lastKnownFileType = sourcecode.swift; path = pch.swift; sourceTree = "<group>"; };
		1711586920E337A300013C31 /* BaseNavController.swift */ = {isa = PBXFileReference; lastKnownFileType = sourcecode.swift; path = BaseNavController.swift; sourceTree = "<group>"; };
		1711586B20E3400400013C31 /* GuideController.swift */ = {isa = PBXFileReference; lastKnownFileType = sourcecode.swift; path = GuideController.swift; sourceTree = "<group>"; };
		1711586F20E36CD100013C31 /* FMDatabase.h */ = {isa = PBXFileReference; fileEncoding = 4; lastKnownFileType = sourcecode.c.h; path = FMDatabase.h; sourceTree = "<group>"; };
		1711587020E36CD100013C31 /* FMDatabaseQueue.m */ = {isa = PBXFileReference; fileEncoding = 4; lastKnownFileType = sourcecode.c.objc; path = FMDatabaseQueue.m; sourceTree = "<group>"; };
		1711587120E36CD100013C31 /* FMResultSet.h */ = {isa = PBXFileReference; fileEncoding = 4; lastKnownFileType = sourcecode.c.h; path = FMResultSet.h; sourceTree = "<group>"; };
		1711587220E36CD100013C31 /* FMDatabasePool.h */ = {isa = PBXFileReference; fileEncoding = 4; lastKnownFileType = sourcecode.c.h; path = FMDatabasePool.h; sourceTree = "<group>"; };
		1711587320E36CD100013C31 /* FMDatabaseAdditions.m */ = {isa = PBXFileReference; fileEncoding = 4; lastKnownFileType = sourcecode.c.objc; path = FMDatabaseAdditions.m; sourceTree = "<group>"; };
		1711587420E36CD100013C31 /* FMDatabase.m */ = {isa = PBXFileReference; fileEncoding = 4; lastKnownFileType = sourcecode.c.objc; path = FMDatabase.m; sourceTree = "<group>"; };
		1711587520E36CD100013C31 /* FMDatabaseQueue.h */ = {isa = PBXFileReference; fileEncoding = 4; lastKnownFileType = sourcecode.c.h; path = FMDatabaseQueue.h; sourceTree = "<group>"; };
		1711587620E36CD100013C31 /* FMDB.h */ = {isa = PBXFileReference; fileEncoding = 4; lastKnownFileType = sourcecode.c.h; path = FMDB.h; sourceTree = "<group>"; };
		1711587720E36CD100013C31 /* FMDatabaseAdditions.h */ = {isa = PBXFileReference; fileEncoding = 4; lastKnownFileType = sourcecode.c.h; path = FMDatabaseAdditions.h; sourceTree = "<group>"; };
		1711587820E36CD100013C31 /* FMDatabasePool.m */ = {isa = PBXFileReference; fileEncoding = 4; lastKnownFileType = sourcecode.c.objc; path = FMDatabasePool.m; sourceTree = "<group>"; };
		1711587920E36CD100013C31 /* FMResultSet.m */ = {isa = PBXFileReference; fileEncoding = 4; lastKnownFileType = sourcecode.c.objc; path = FMResultSet.m; sourceTree = "<group>"; };
		1711587A20E36CD100013C31 /* Info.plist */ = {isa = PBXFileReference; fileEncoding = 4; lastKnownFileType = text.plist.xml; path = Info.plist; sourceTree = "<group>"; };
		1711588220E36D0300013C31 /* MainController.swift */ = {isa = PBXFileReference; lastKnownFileType = sourcecode.swift; path = MainController.swift; sourceTree = "<group>"; };
		1711588420E36D4A00013C31 /* SQLite_bridge.h */ = {isa = PBXFileReference; lastKnownFileType = sourcecode.c.h; path = SQLite_bridge.h; sourceTree = "<group>"; };
		1711588520E36DB600013C31 /* SQLiteManager.swift */ = {isa = PBXFileReference; lastKnownFileType = sourcecode.swift; path = SQLiteManager.swift; sourceTree = "<group>"; };
		1711588720E3796700013C31 /* ZoneListCell.swift */ = {isa = PBXFileReference; lastKnownFileType = sourcecode.swift; path = ZoneListCell.swift; sourceTree = "<group>"; };
		1711588820E3796700013C31 /* ZoneListCell.xib */ = {isa = PBXFileReference; lastKnownFileType = file.xib; path = ZoneListCell.xib; sourceTree = "<group>"; };
		1711588C20E39AA400013C31 /* SendController.swift */ = {isa = PBXFileReference; lastKnownFileType = sourcecode.swift; path = SendController.swift; sourceTree = "<group>"; };
		1711588E20E3DF4100013C31 /* SendCell.swift */ = {isa = PBXFileReference; lastKnownFileType = sourcecode.swift; path = SendCell.swift; sourceTree = "<group>"; };
		1711588F20E3DF4100013C31 /* SendCell.xib */ = {isa = PBXFileReference; lastKnownFileType = file.xib; path = SendCell.xib; sourceTree = "<group>"; };
		1711589220E3E7A600013C31 /* SendBottomView.swift */ = {isa = PBXFileReference; lastKnownFileType = sourcecode.swift; path = SendBottomView.swift; sourceTree = "<group>"; };
		1711589420E3E7AD00013C31 /* SendBottomView.xib */ = {isa = PBXFileReference; lastKnownFileType = file.xib; path = SendBottomView.xib; sourceTree = "<group>"; };
/* End PBXFileReference section */

/* Begin PBXFrameworksBuildPhase section */
		1711584C20E32FE700013C31 /* Frameworks */ = {
			isa = PBXFrameworksBuildPhase;
			buildActionMask = 2147483647;
			files = (
			);
			runOnlyForDeploymentPostprocessing = 0;
		};
/* End PBXFrameworksBuildPhase section */

/* Begin PBXGroup section */
		1711584620E32FE700013C31 = {
			isa = PBXGroup;
			children = (
				1711585120E32FE700013C31 /* Myself */,
				1711585020E32FE700013C31 /* Products */,
			);
			sourceTree = "<group>";
		};
		1711585020E32FE700013C31 /* Products */ = {
			isa = PBXGroup;
			children = (
				1711584F20E32FE700013C31 /* Myself.app */,
			);
			name = Products;
			sourceTree = "<group>";
		};
		1711585120E32FE700013C31 /* Myself */ = {
			isa = PBXGroup;
			children = (
				1711588120E36CE600013C31 /* 主页面 */,
				1711586D20E36CC200013C31 /* 工具箱 */,
				1711585220E32FE700013C31 /* AppDelegate.swift */,
				1711585420E32FE700013C31 /* ViewController.swift */,
				1711586920E337A300013C31 /* BaseNavController.swift */,
				1711586B20E3400400013C31 /* GuideController.swift */,
				1711588420E36D4A00013C31 /* SQLite_bridge.h */,
				1711586720E3349800013C31 /* pch.swift */,
				1711585620E32FE700013C31 /* Main.storyboard */,
				1711585C20E32FE700013C31 /* Assets.xcassets */,
				1711585E20E32FE700013C31 /* LaunchScreen.storyboard */,
				1711586120E32FE800013C31 /* Info.plist */,
				1711585920E32FE700013C31 /* Myself.xcdatamodeld */,
			);
			path = Myself;
			sourceTree = "<group>";
		};
		1711586D20E36CC200013C31 /* 工具箱 */ = {
			isa = PBXGroup;
			children = (
				1711586E20E36CD100013C31 /* fmdb */,
			);
			path = "工具箱";
			sourceTree = "<group>";
		};
		1711586E20E36CD100013C31 /* fmdb */ = {
			isa = PBXGroup;
			children = (
				1711586F20E36CD100013C31 /* FMDatabase.h */,
				1711587020E36CD100013C31 /* FMDatabaseQueue.m */,
				1711587120E36CD100013C31 /* FMResultSet.h */,
				1711587220E36CD100013C31 /* FMDatabasePool.h */,
				1711587320E36CD100013C31 /* FMDatabaseAdditions.m */,
				1711587420E36CD100013C31 /* FMDatabase.m */,
				1711587520E36CD100013C31 /* FMDatabaseQueue.h */,
				1711587620E36CD100013C31 /* FMDB.h */,
				1711587720E36CD100013C31 /* FMDatabaseAdditions.h */,
				1711587820E36CD100013C31 /* FMDatabasePool.m */,
				1711587920E36CD100013C31 /* FMResultSet.m */,
				1711587A20E36CD100013C31 /* Info.plist */,
				1711588520E36DB600013C31 /* SQLiteManager.swift */,
			);
			path = fmdb;
			sourceTree = "<group>";
		};
		1711588120E36CE600013C31 /* 主页面 */ = {
			isa = PBXGroup;
			children = (
				1711588220E36D0300013C31 /* MainController.swift */,
				1711588720E3796700013C31 /* ZoneListCell.swift */,
				1711588820E3796700013C31 /* ZoneListCell.xib */,
				1711588B20E39A7B00013C31 /* 新建动态 */,
			);
			path = "主页面";
			sourceTree = "<group>";
		};
		1711588B20E39A7B00013C31 /* 新建动态 */ = {
			isa = PBXGroup;
			children = (
				1711588C20E39AA400013C31 /* SendController.swift */,
				1711588E20E3DF4100013C31 /* SendCell.swift */,
				1711588F20E3DF4100013C31 /* SendCell.xib */,
				1711589220E3E7A600013C31 /* SendBottomView.swift */,
				1711589420E3E7AD00013C31 /* SendBottomView.xib */,
			);
			path = "新建动态";
			sourceTree = "<group>";
		};
/* End PBXGroup section */

/* Begin PBXNativeTarget section */
		1711584E20E32FE700013C31 /* Myself */ = {
			isa = PBXNativeTarget;
			buildConfigurationList = 1711586420E32FE800013C31 /* Build configuration list for PBXNativeTarget "Myself" */;
			buildPhases = (
				1711584B20E32FE700013C31 /* Sources */,
				1711584C20E32FE700013C31 /* Frameworks */,
				1711584D20E32FE700013C31 /* Resources */,
			);
			buildRules = (
			);
			dependencies = (
			);
			name = Myself;
			productName = Myself;
			productReference = 1711584F20E32FE700013C31 /* Myself.app */;
			productType = "com.apple.product-type.application";
		};
/* End PBXNativeTarget section */

/* Begin PBXProject section */
		1711584720E32FE700013C31 /* Project object */ = {
			isa = PBXProject;
			attributes = {
				LastSwiftUpdateCheck = 0910;
				LastUpgradeCheck = 0910;
				ORGANIZATIONNAME = "曹奕程";
				TargetAttributes = {
					1711584E20E32FE700013C31 = {
						CreatedOnToolsVersion = 9.1;
						ProvisioningStyle = Manual;
					};
				};
			};
			buildConfigurationList = 1711584A20E32FE700013C31 /* Build configuration list for PBXProject "Myself" */;
			compatibilityVersion = "Xcode 8.0";
			developmentRegion = en;
			hasScannedForEncodings = 0;
			knownRegions = (
				en,
				Base,
			);
			mainGroup = 1711584620E32FE700013C31;
			productRefGroup = 1711585020E32FE700013C31 /* Products */;
			projectDirPath = "";
			projectRoot = "";
			targets = (
				1711584E20E32FE700013C31 /* Myself */,
			);
		};
/* End PBXProject section */

/* Begin PBXResourcesBuildPhase section */
		1711584D20E32FE700013C31 /* Resources */ = {
			isa = PBXResourcesBuildPhase;
			buildActionMask = 2147483647;
			files = (
				1711588020E36CD100013C31 /* Info.plist in Resources */,
				1711589520E3E7AD00013C31 /* SendBottomView.xib in Resources */,
				1711586020E32FE700013C31 /* LaunchScreen.storyboard in Resources */,
				1711585D20E32FE700013C31 /* Assets.xcassets in Resources */,
				1711589120E3DF4100013C31 /* SendCell.xib in Resources */,
				1711588A20E3796700013C31 /* ZoneListCell.xib in Resources */,
				1711585820E32FE700013C31 /* Main.storyboard in Resources */,
			);
			runOnlyForDeploymentPostprocessing = 0;
		};
/* End PBXResourcesBuildPhase section */

/* Begin PBXSourcesBuildPhase section */
		1711584B20E32FE700013C31 /* Sources */ = {
			isa = PBXSourcesBuildPhase;
			buildActionMask = 2147483647;
			files = (
				1711585B20E32FE700013C31 /* Myself.xcdatamodeld in Sources */,
				1711585520E32FE700013C31 /* ViewController.swift in Sources */,
				1711585320E32FE700013C31 /* AppDelegate.swift in Sources */,
				1711589320E3E7A600013C31 /* SendBottomView.swift in Sources */,
				1711589020E3DF4100013C31 /* SendCell.swift in Sources */,
				1711588620E36DB600013C31 /* SQLiteManager.swift in Sources */,
				1711587D20E36CD100013C31 /* FMDatabase.m in Sources */,
				1711588320E36D0300013C31 /* MainController.swift in Sources */,
				1711587B20E36CD100013C31 /* FMDatabaseQueue.m in Sources */,
				1711586820E3349800013C31 /* pch.swift in Sources */,
				1711586C20E3400400013C31 /* GuideController.swift in Sources */,
				1711587E20E36CD100013C31 /* FMDatabasePool.m in Sources */,
				1711587F20E36CD100013C31 /* FMResultSet.m in Sources */,
				1711588920E3796700013C31 /* ZoneListCell.swift in Sources */,
				1711588D20E39AA400013C31 /* SendController.swift in Sources */,
				1711586A20E337A300013C31 /* BaseNavController.swift in Sources */,
				1711587C20E36CD100013C31 /* FMDatabaseAdditions.m in Sources */,
			);
			runOnlyForDeploymentPostprocessing = 0;
		};
/* End PBXSourcesBuildPhase section */

/* Begin PBXVariantGroup section */
		1711585620E32FE700013C31 /* Main.storyboard */ = {
			isa = PBXVariantGroup;
			children = (
				1711585720E32FE700013C31 /* Base */,
			);
			name = Main.storyboard;
			sourceTree = "<group>";
		};
		1711585E20E32FE700013C31 /* LaunchScreen.storyboard */ = {
			isa = PBXVariantGroup;
			children = (
				1711585F20E32FE700013C31 /* Base */,
			);
			name = LaunchScreen.storyboard;
			sourceTree = "<group>";
		};
/* End PBXVariantGroup section */

/* Begin XCBuildConfiguration section */
		1711586220E32FE800013C31 /* Debug */ = {
			isa = XCBuildConfiguration;
			buildSettings = {
				ALWAYS_SEARCH_USER_PATHS = NO;
				CLANG_ANALYZER_NONNULL = YES;
				CLANG_ANALYZER_NUMBER_OBJECT_CONVERSION = YES_AGGRESSIVE;
				CLANG_CXX_LANGUAGE_STANDARD = "gnu++14";
				CLANG_CXX_LIBRARY = "libc++";
				CLANG_ENABLE_MODULES = YES;
				CLANG_ENABLE_OBJC_ARC = YES;
				CLANG_WARN_BLOCK_CAPTURE_AUTORELEASING = YES;
				CLANG_WARN_BOOL_CONVERSION = YES;
				CLANG_WARN_COMMA = YES;
				CLANG_WARN_CONSTANT_CONVERSION = YES;
				CLANG_WARN_DIRECT_OBJC_ISA_USAGE = YES_ERROR;
				CLANG_WARN_DOCUMENTATION_COMMENTS = YES;
				CLANG_WARN_EMPTY_BODY = YES;
				CLANG_WARN_ENUM_CONVERSION = YES;
				CLANG_WARN_INFINITE_RECURSION = YES;
				CLANG_WARN_INT_CONVERSION = YES;
				CLANG_WARN_NON_LITERAL_NULL_CONVERSION = YES;
				CLANG_WARN_OBJC_LITERAL_CONVERSION = YES;
				CLANG_WARN_OBJC_ROOT_CLASS = YES_ERROR;
				CLANG_WARN_RANGE_LOOP_ANALYSIS = YES;
				CLANG_WARN_STRICT_PROTOTYPES = YES;
				CLANG_WARN_SUSPICIOUS_MOVE = YES;
				CLANG_WARN_UNGUARDED_AVAILABILITY = YES_AGGRESSIVE;
				CLANG_WARN_UNREACHABLE_CODE = YES;
				CLANG_WARN__DUPLICATE_METHOD_MATCH = YES;
				CODE_SIGN_IDENTITY = "iPhone Developer";
				COPY_PHASE_STRIP = NO;
				DEBUG_INFORMATION_FORMAT = dwarf;
				ENABLE_STRICT_OBJC_MSGSEND = YES;
				ENABLE_TESTABILITY = YES;
				GCC_C_LANGUAGE_STANDARD = gnu11;
				GCC_DYNAMIC_NO_PIC = NO;
				GCC_NO_COMMON_BLOCKS = YES;
				GCC_OPTIMIZATION_LEVEL = 0;
				GCC_PREPROCESSOR_DEFINITIONS = (
					"DEBUG=1",
					"$(inherited)",
				);
				GCC_WARN_64_TO_32_BIT_CONVERSION = YES;
				GCC_WARN_ABOUT_RETURN_TYPE = YES_ERROR;
				GCC_WARN_UNDECLARED_SELECTOR = YES;
				GCC_WARN_UNINITIALIZED_AUTOS = YES_AGGRESSIVE;
				GCC_WARN_UNUSED_FUNCTION = YES;
				GCC_WARN_UNUSED_VARIABLE = YES;
				IPHONEOS_DEPLOYMENT_TARGET = 11.1;
				MTL_ENABLE_DEBUG_INFO = YES;
				ONLY_ACTIVE_ARCH = YES;
				SDKROOT = iphoneos;
				SWIFT_ACTIVE_COMPILATION_CONDITIONS = DEBUG;
				SWIFT_OPTIMIZATION_LEVEL = "-Onone";
			};
			name = Debug;
		};
		1711586320E32FE800013C31 /* Release */ = {
			isa = XCBuildConfiguration;
			buildSettings = {
				ALWAYS_SEARCH_USER_PATHS = NO;
				CLANG_ANALYZER_NONNULL = YES;
				CLANG_ANALYZER_NUMBER_OBJECT_CONVERSION = YES_AGGRESSIVE;
				CLANG_CXX_LANGUAGE_STANDARD = "gnu++14";
				CLANG_CXX_LIBRARY = "libc++";
				CLANG_ENABLE_MODULES = YES;
				CLANG_ENABLE_OBJC_ARC = YES;
				CLANG_WARN_BLOCK_CAPTURE_AUTORELEASING = YES;
				CLANG_WARN_BOOL_CONVERSION = YES;
				CLANG_WARN_COMMA = YES;
				CLANG_WARN_CONSTANT_CONVERSION = YES;
				CLANG_WARN_DIRECT_OBJC_ISA_USAGE = YES_ERROR;
				CLANG_WARN_DOCUMENTATION_COMMENTS = YES;
				CLANG_WARN_EMPTY_BODY = YES;
				CLANG_WARN_ENUM_CONVERSION = YES;
				CLANG_WARN_INFINITE_RECURSION = YES;
				CLANG_WARN_INT_CONVERSION = YES;
				CLANG_WARN_NON_LITERAL_NULL_CONVERSION = YES;
				CLANG_WARN_OBJC_LITERAL_CONVERSION = YES;
				CLANG_WARN_OBJC_ROOT_CLASS = YES_ERROR;
				CLANG_WARN_RANGE_LOOP_ANALYSIS = YES;
				CLANG_WARN_STRICT_PROTOTYPES = YES;
				CLANG_WARN_SUSPICIOUS_MOVE = YES;
				CLANG_WARN_UNGUARDED_AVAILABILITY = YES_AGGRESSIVE;
				CLANG_WARN_UNREACHABLE_CODE = YES;
				CLANG_WARN__DUPLICATE_METHOD_MATCH = YES;
				CODE_SIGN_IDENTITY = "iPhone Developer";
				COPY_PHASE_STRIP = NO;
				DEBUG_INFORMATION_FORMAT = "dwarf-with-dsym";
				ENABLE_NS_ASSERTIONS = NO;
				ENABLE_STRICT_OBJC_MSGSEND = YES;
				GCC_C_LANGUAGE_STANDARD = gnu11;
				GCC_NO_COMMON_BLOCKS = YES;
				GCC_WARN_64_TO_32_BIT_CONVERSION = YES;
				GCC_WARN_ABOUT_RETURN_TYPE = YES_ERROR;
				GCC_WARN_UNDECLARED_SELECTOR = YES;
				GCC_WARN_UNINITIALIZED_AUTOS = YES_AGGRESSIVE;
				GCC_WARN_UNUSED_FUNCTION = YES;
				GCC_WARN_UNUSED_VARIABLE = YES;
				IPHONEOS_DEPLOYMENT_TARGET = 11.1;
				MTL_ENABLE_DEBUG_INFO = NO;
				SDKROOT = iphoneos;
				SWIFT_OPTIMIZATION_LEVEL = "-Owholemodule";
				VALIDATE_PRODUCT = YES;
			};
			name = Release;
		};
		1711586520E32FE800013C31 /* Debug */ = {
			isa = XCBuildConfiguration;
			buildSettings = {
				ASSETCATALOG_COMPILER_APPICON_NAME = AppIcon;
				ASSETCATALOG_COMPILER_LAUNCHIMAGE_NAME = LaunchImage;
				"CODE_SIGN_IDENTITY[sdk=iphoneos*]" = "iPhone Distribution";
				CODE_SIGN_STYLE = Manual;
				DEVELOPMENT_TEAM = WU3DD344F3;
				INFOPLIST_FILE = Myself/Info.plist;
				IPHONEOS_DEPLOYMENT_TARGET = 10.0;
				LD_RUNPATH_SEARCH_PATHS = "$(inherited) @executable_path/Frameworks";
				PRODUCT_BUNDLE_IDENTIFIER = cyc.myself;
				PRODUCT_NAME = "$(TARGET_NAME)";
				PROVISIONING_PROFILE = "266126b4-86c8-4346-a133-4be3fcdbd1bf";
				PROVISIONING_PROFILE_SPECIFIER = Myself_ADHoc;
				SWIFT_OBJC_BRIDGING_HEADER = /Users/caolaoshi/Myself/Myself/Myself/SQLite_bridge.h;
				SWIFT_VERSION = 4.0;
				TARGETED_DEVICE_FAMILY = 1;
			};
			name = Debug;
		};
		1711586620E32FE800013C31 /* Release */ = {
			isa = XCBuildConfiguration;
			buildSettings = {
				ASSETCATALOG_COMPILER_APPICON_NAME = AppIcon;
				ASSETCATALOG_COMPILER_LAUNCHIMAGE_NAME = LaunchImage;
				CODE_SIGN_STYLE = Manual;
				DEVELOPMENT_TEAM = WU3DD344F3;
				INFOPLIST_FILE = Myself/Info.plist;
				IPHONEOS_DEPLOYMENT_TARGET = 10.0;
				LD_RUNPATH_SEARCH_PATHS = "$(inherited) @executable_path/Frameworks";
				PRODUCT_BUNDLE_IDENTIFIER = cyc.myself;
				PRODUCT_NAME = "$(TARGET_NAME)";
				PROVISIONING_PROFILE = "5af76e27-1817-492a-9fd6-09019522efc9";
				PROVISIONING_PROFILE_SPECIFIER = Myself_Development;
				SWIFT_OBJC_BRIDGING_HEADER = /Users/caolaoshi/Myself/Myself/Myself/SQLite_bridge.h;
				SWIFT_VERSION = 4.0;
				TARGETED_DEVICE_FAMILY = 1;
			};
			name = Release;
		};
/* End XCBuildConfiguration section */

/* Begin XCConfigurationList section */
		1711584A20E32FE700013C31 /* Build configuration list for PBXProject "Myself" */ = {
			isa = XCConfigurationList;
			buildConfigurations = (
				1711586220E32FE800013C31 /* Debug */,
				1711586320E32FE800013C31 /* Release */,
			);
			defaultConfigurationIsVisible = 0;
			defaultConfigurationName = Release;
		};
		1711586420E32FE800013C31 /* Build configuration list for PBXNativeTarget "Myself" */ = {
			isa = XCConfigurationList;
			buildConfigurations = (
				1711586520E32FE800013C31 /* Debug */,
				1711586620E32FE800013C31 /* Release */,
			);
			defaultConfigurationIsVisible = 0;
			defaultConfigurationName = Release;
		};
/* End XCConfigurationList section */

/* Begin XCVersionGroup section */
		1711585920E32FE700013C31 /* Myself.xcdatamodeld */ = {
			isa = XCVersionGroup;
			children = (
				1711585A20E32FE700013C31 /* Myself.xcdatamodel */,
			);
			currentVersion = 1711585A20E32FE700013C31 /* Myself.xcdatamodel */;
			path = Myself.xcdatamodeld;
			sourceTree = "<group>";
			versionGroupType = wrapper.xcdatamodel;
		};
/* End XCVersionGroup section */
	};
	rootObject = 1711584720E32FE700013C31 /* Project object */;
}
